// !$*UTF8*$!
{
	archiveVersion = 1;
	classes = {
	};
	objectVersion = 56;
	objects = {

/* Begin PBXBuildFile section */
		6F5DFD1B2A796A6900081DBD /* Chicken_ButtApp.swift in Sources */ = {isa = PBXBuildFile; fileRef = 6F5DFD1A2A796A6900081DBD /* Chicken_ButtApp.swift */; };
		6F5DFD1D2A796A6900081DBD /* ContentView.swift in Sources */ = {isa = PBXBuildFile; fileRef = 6F5DFD1C2A796A6900081DBD /* ContentView.swift */; };
		6F5DFD1F2A796A6A00081DBD /* Assets.xcassets in Resources */ = {isa = PBXBuildFile; fileRef = 6F5DFD1E2A796A6A00081DBD /* Assets.xcassets */; };
		6F5DFD222A796A6A00081DBD /* Preview Assets.xcassets in Resources */ = {isa = PBXBuildFile; fileRef = 6F5DFD212A796A6A00081DBD /* Preview Assets.xcassets */; };
		6F5DFD372A796F1600081DBD /* OverrideImplementation.swift in Sources */ = {isa = PBXBuildFile; fileRef = 6F5DFD362A796F1600081DBD /* OverrideImplementation.swift */; };
		6F5DFD682A7974A100081DBD /* corrupted in Resources */ = {isa = PBXBuildFile; fileRef = 6F5DFD672A7974A100081DBD /* corrupted */; };
		6F5DFD702A7B13C600081DBD /* RootView.swift in Sources */ = {isa = PBXBuildFile; fileRef = 6F5DFD6F2A7B13C600081DBD /* RootView.swift */; };
		6F5DFD732A7B14AA00081DBD /* HomeView.swift in Sources */ = {isa = PBXBuildFile; fileRef = 6F5DFD722A7B14AA00081DBD /* HomeView.swift */; };
		6F5DFD762A7B164C00081DBD /* TintedButton.swift in Sources */ = {isa = PBXBuildFile; fileRef = 6F5DFD752A7B164C00081DBD /* TintedButton.swift */; };
		6F5DFD782A7B166F00081DBD /* MaterialView.swift in Sources */ = {isa = PBXBuildFile; fileRef = 6F5DFD772A7B166F00081DBD /* MaterialView.swift */; };
		6F5DFD7A2A7B16BF00081DBD /* Alert++.swift in Sources */ = {isa = PBXBuildFile; fileRef = 6F5DFD792A7B16BF00081DBD /* Alert++.swift */; };
		6F5DFD7C2A7B16E200081DBD /* Extensions.swift in Sources */ = {isa = PBXBuildFile; fileRef = 6F5DFD7B2A7B16E200081DBD /* Extensions.swift */; };
		6F5DFD7E2A7B1D8700081DBD /* ToolsView.swift in Sources */ = {isa = PBXBuildFile; fileRef = 6F5DFD7D2A7B1D8700081DBD /* ToolsView.swift */; };
		6F5DFD802A7B1E7000081DBD /* SpringBoardView.swift in Sources */ = {isa = PBXBuildFile; fileRef = 6F5DFD7F2A7B1E7000081DBD /* SpringBoardView.swift */; };
		6F5DFD822A7B28BA00081DBD /* LockView.swift in Sources */ = {isa = PBXBuildFile; fileRef = 6F5DFD812A7B28BA00081DBD /* LockView.swift */; };
		6F5DFD852A7B28ED00081DBD /* LockManager.swift in Sources */ = {isa = PBXBuildFile; fileRef = 6F5DFD842A7B28ED00081DBD /* LockManager.swift */; };
		6F5DFD872A7B439300081DBD /* FilePickerViewControllerDelegate.swift in Sources */ = {isa = PBXBuildFile; fileRef = 6F5DFD862A7B439300081DBD /* FilePickerViewControllerDelegate.swift */; };
		6F5DFD892A7B43C900081DBD /* CornerRadius++.swift in Sources */ = {isa = PBXBuildFile; fileRef = 6F5DFD882A7B43C900081DBD /* CornerRadius++.swift */; };
		6FA6ED5E2AB8896B00E935B6 /* SettingsView.swift in Sources */ = {isa = PBXBuildFile; fileRef = 6FA6ED522AB8896B00E935B6 /* SettingsView.swift */; };
		6FA6ED5F2AB8896B00E935B6 /* StatusSetter16_1.m in Sources */ = {isa = PBXBuildFile; fileRef = 6FA6ED542AB8896B00E935B6 /* StatusSetter16_1.m */; };
		6FA6ED612AB8896B00E935B6 /* StatusSetter16.m in Sources */ = {isa = PBXBuildFile; fileRef = 6FA6ED592AB8896B00E935B6 /* StatusSetter16.m */; };
		6FA6ED622AB8896B00E935B6 /* StatusManager.m in Sources */ = {isa = PBXBuildFile; fileRef = 6FA6ED5A2AB8896B00E935B6 /* StatusManager.m */; };
		6FA6ED6E2AB88A4000E935B6 /* StatusSetter16_3.m in Sources */ = {isa = PBXBuildFile; fileRef = 6FA6ED6D2AB88A4000E935B6 /* StatusSetter16_3.m */; };
		6FA6ED712AB88E0100E935B6 /* StatusManagerSwift.swift in Sources */ = {isa = PBXBuildFile; fileRef = 6FA6ED702AB88E0100E935B6 /* StatusManagerSwift.swift */; };
		6FA6ED732AB88EE900E935B6 /* StatusBarView.swift in Sources */ = {isa = PBXBuildFile; fileRef = 6FA6ED722AB88EE900E935B6 /* StatusBarView.swift */; };
		6FA6ED752AB892A800E935B6 /* statusBarOverrides in Resources */ = {isa = PBXBuildFile; fileRef = 6FA6ED742AB892A800E935B6 /* statusBarOverrides */; };
		6FE6D0432A7B4474002CFD2F /* CowabungaAPI.swift in Sources */ = {isa = PBXBuildFile; fileRef = 6FE6D0422A7B4474002CFD2F /* CowabungaAPI.swift */; };
		6FE6D0492A7B4521002CFD2F /* ZIPFoundation in Frameworks */ = {isa = PBXBuildFile; productRef = 6FE6D0482A7B4521002CFD2F /* ZIPFoundation */; };
		6FE6D04B2A7B460B002CFD2F /* ThemesExploreView.swift in Sources */ = {isa = PBXBuildFile; fileRef = 6FE6D04A2A7B460B002CFD2F /* ThemesExploreView.swift */; };
		6FE6D04E2A7B4666002CFD2F /* CachedAsyncImage in Frameworks */ = {isa = PBXBuildFile; productRef = 6FE6D04D2A7B4666002CFD2F /* CachedAsyncImage */; };
		6FE6D0502A7B46BB002CFD2F /* Haptic++.swift in Sources */ = {isa = PBXBuildFile; fileRef = 6FE6D04F2A7B46BB002CFD2F /* Haptic++.swift */; };
		6FE6D0522A7B49F5002CFD2F /* URLCache+imageCache.swift in Sources */ = {isa = PBXBuildFile; fileRef = 6FE6D0512A7B49F5002CFD2F /* URLCache+imageCache.swift */; };
		6FE6D0552A7B4A6D002CFD2F /* Color++.swift in Sources */ = {isa = PBXBuildFile; fileRef = 6FE6D0542A7B4A6D002CFD2F /* Color++.swift */; };
		6FE6D0572A7B4F0B002CFD2F /* MachineName.swift in Sources */ = {isa = PBXBuildFile; fileRef = 6FE6D0562A7B4F0B002CFD2F /* MachineName.swift */; };
		6FE6D0592A7B57EA002CFD2F /* SettingsCustomizerManager.swift in Sources */ = {isa = PBXBuildFile; fileRef = 6FE6D0582A7B57EA002CFD2F /* SettingsCustomizerManager.swift */; };
		6FE6D05C2A7B5830002CFD2F /* UsefulFunctions.swift in Sources */ = {isa = PBXBuildFile; fileRef = 6FE6D05B2A7B5830002CFD2F /* UsefulFunctions.swift */; };
		6FE6D05E2A7B58FF002CFD2F /* SettingsCustomizerView.swift in Sources */ = {isa = PBXBuildFile; fileRef = 6FE6D05D2A7B58FF002CFD2F /* SettingsCustomizerView.swift */; };
		6FE6D0612A7B592A002CFD2F /* ImagePickerView.swift in Sources */ = {isa = PBXBuildFile; fileRef = 6FE6D0602A7B592A002CFD2F /* ImagePickerView.swift */; };
		6FE6D0642A7B5A6B002CFD2F /* MainFontsView.swift in Sources */ = {isa = PBXBuildFile; fileRef = 6FE6D0632A7B5A6B002CFD2F /* MainFontsView.swift */; };
		6FE6D0662A7B5A80002CFD2F /* EditingFontsView.swift in Sources */ = {isa = PBXBuildFile; fileRef = 6FE6D0652A7B5A80002CFD2F /* EditingFontsView.swift */; };
		6FE6D0682A7B5A8F002CFD2F /* ImportingFontsView.swift in Sources */ = {isa = PBXBuildFile; fileRef = 6FE6D0672A7B5A8F002CFD2F /* ImportingFontsView.swift */; };
		6FE6D06A2A7B5AB8002CFD2F /* FontManager.swift in Sources */ = {isa = PBXBuildFile; fileRef = 6FE6D0692A7B5AB8002CFD2F /* FontManager.swift */; };
		6FE6D06C2A7C3FD2002CFD2F /* OtherModsManager.swift in Sources */ = {isa = PBXBuildFile; fileRef = 6FE6D06B2A7C3FD2002CFD2F /* OtherModsManager.swift */; };
		6FE6D06E2A7C4698002CFD2F /* OtherModsView.swift in Sources */ = {isa = PBXBuildFile; fileRef = 6FE6D06D2A7C4698002CFD2F /* OtherModsView.swift */; };
		6FE6D0702A7C6B2A002CFD2F /* SpringboardColorManager.swift in Sources */ = {isa = PBXBuildFile; fileRef = 6FE6D06F2A7C6B2A002CFD2F /* SpringboardColorManager.swift */; };
		6FE6D0722A7C7AE0002CFD2F /* ColorSwapManager.swift in Sources */ = {isa = PBXBuildFile; fileRef = 6FE6D0712A7C7AE0002CFD2F /* ColorSwapManager.swift */; };
		6FE6D0742A7C7B0C002CFD2F /* View++.swift in Sources */ = {isa = PBXBuildFile; fileRef = 6FE6D0732A7C7B0C002CFD2F /* View++.swift */; };
		6FE6D0AC2A7C7DEC002CFD2F /* replacement.materialrecipe in Resources */ = {isa = PBXBuildFile; fileRef = 6FE6D0772A7C7DEC002CFD2F /* replacement.materialrecipe */; };
		6FE6D0AD2A7C7DEC002CFD2F /* platters.materialrecipe in Resources */ = {isa = PBXBuildFile; fileRef = 6FE6D07A2A7C7DEC002CFD2F /* platters.materialrecipe */; };
		6FE6D0AE2A7C7DEC002CFD2F /* plattersDark.materialrecipe in Resources */ = {isa = PBXBuildFile; fileRef = 6FE6D07B2A7C7DEC002CFD2F /* plattersDark.materialrecipe */; };
		6FE6D0AF2A7C7DEC002CFD2F /* podBackgroundViewLight.visualstyleset in Resources */ = {isa = PBXBuildFile; fileRef = 6FE6D07D2A7C7DEC002CFD2F /* podBackgroundViewLight.visualstyleset */; };
		6FE6D0B02A7C7DEC002CFD2F /* podBackgroundViewDark.visualstyleset in Resources */ = {isa = PBXBuildFile; fileRef = 6FE6D07E2A7C7DEC002CFD2F /* podBackgroundViewDark.visualstyleset */; };
		6FE6D0B12A7C7DEC002CFD2F /* modules.materialrecipe in Resources */ = {isa = PBXBuildFile; fileRef = 6FE6D0802A7C7DEC002CFD2F /* modules.materialrecipe */; };
		6FE6D0B22A7C7DEC002CFD2F /* modulesBackground.materialrecipe in Resources */ = {isa = PBXBuildFile; fileRef = 6FE6D0812A7C7DEC002CFD2F /* modulesBackground.materialrecipe */; };
		6FE6D0B32A7C7DEC002CFD2F /* folderLight.materialrecipe in Resources */ = {isa = PBXBuildFile; fileRef = 6FE6D0832A7C7DEC002CFD2F /* folderLight.materialrecipe */; };
		6FE6D0B42A7C7DEC002CFD2F /* folderDark.materialrecipe in Resources */ = {isa = PBXBuildFile; fileRef = 6FE6D0842A7C7DEC002CFD2F /* folderDark.materialrecipe */; };
		6FE6D0B52A7C7DEC002CFD2F /* folderExpandedBackgroundHome.materialrecipe in Resources */ = {isa = PBXBuildFile; fileRef = 6FE6D0862A7C7DEC002CFD2F /* folderExpandedBackgroundHome.materialrecipe */; };
		6FE6D0B62A7C7DEC002CFD2F /* homeScreenOverlay-iPad.materialrecipe in Resources */ = {isa = PBXBuildFile; fileRef = 6FE6D0872A7C7DEC002CFD2F /* homeScreenOverlay-iPad.materialrecipe */; };
		6FE6D0B72A7C7DEC002CFD2F /* homeScreenOverlay.materialrecipe in Resources */ = {isa = PBXBuildFile; fileRef = 6FE6D0882A7C7DEC002CFD2F /* homeScreenOverlay.materialrecipe */; };
		6FE6D0B82A7C7DEC002CFD2F /* homeScreenBackdrop-application.materialrecipe in Resources */ = {isa = PBXBuildFile; fileRef = 6FE6D0892A7C7DEC002CFD2F /* homeScreenBackdrop-application.materialrecipe */; };
		6FE6D0B92A7C7DEC002CFD2F /* HomeBarAssets.car in Resources */ = {isa = PBXBuildFile; fileRef = 6FE6D08A2A7C7DEC002CFD2F /* HomeBarAssets.car */; };
		6FE6D0BA2A7C7DEC002CFD2F /* platterVibrantShadowLight.visualstyleset in Resources */ = {isa = PBXBuildFile; fileRef = 6FE6D08C2A7C7DEC002CFD2F /* platterVibrantShadowLight.visualstyleset */; };
		6FE6D0BB2A7C7DEC002CFD2F /* platterVibrantShadowDark.visualstyleset in Resources */ = {isa = PBXBuildFile; fileRef = 6FE6D08D2A7C7DEC002CFD2F /* platterVibrantShadowDark.visualstyleset */; };
		6FE6D0BC2A7C7DEC002CFD2F /* dockDark.materialrecipe in Resources */ = {isa = PBXBuildFile; fileRef = 6FE6D08F2A7C7DEC002CFD2F /* dockDark.materialrecipe */; };
		6FE6D0BD2A7C7DEC002CFD2F /* dockLight.materialrecipe in Resources */ = {isa = PBXBuildFile; fileRef = 6FE6D0902A7C7DEC002CFD2F /* dockLight.materialrecipe */; };
		6FE6D0DB2A7FDBE3002CFD2F /* PasscodeEditorView.swift in Sources */ = {isa = PBXBuildFile; fileRef = 6FE6D0DA2A7FDBE3002CFD2F /* PasscodeEditorView.swift */; };
		6FE6D0DD2A7FDBF5002CFD2F /* SavedPasscodesView.swift in Sources */ = {isa = PBXBuildFile; fileRef = 6FE6D0DC2A7FDBF5002CFD2F /* SavedPasscodesView.swift */; };
		6FE6D0DF2A7FDC14002CFD2F /* PasscodeKeyFaceManager.swift in Sources */ = {isa = PBXBuildFile; fileRef = 6FE6D0DE2A7FDC14002CFD2F /* PasscodeKeyFaceManager.swift */; };
		6FE6D2B12AABAC67002CFD2F /* krw.c in Sources */ = {isa = PBXBuildFile; fileRef = 6FE6D29C2AABAC67002CFD2F /* krw.c */; };
		6FE6D2B22AABAC67002CFD2F /* vm_unaligned_copy_switch_race.c in Sources */ = {isa = PBXBuildFile; fileRef = 6FE6D29E2AABAC67002CFD2F /* vm_unaligned_copy_switch_race.c */; };
		6FE6D2B32AABAC67002CFD2F /* utils.m in Sources */ = {isa = PBXBuildFile; fileRef = 6FE6D2A02AABAC67002CFD2F /* utils.m */; };
		6FE6D2B42AABAC67002CFD2F /* proc.c in Sources */ = {isa = PBXBuildFile; fileRef = 6FE6D2A12AABAC67002CFD2F /* proc.c */; };
		6FE6D2B52AABAC67002CFD2F /* offsets.m in Sources */ = {isa = PBXBuildFile; fileRef = 6FE6D2A42AABAC67002CFD2F /* offsets.m */; };
		6FE6D2B72AABAC67002CFD2F /* helpers.m in Sources */ = {isa = PBXBuildFile; fileRef = 6FE6D2A72AABAC67002CFD2F /* helpers.m */; };
		6FE6D2B82AABAC67002CFD2F /* fun.m in Sources */ = {isa = PBXBuildFile; fileRef = 6FE6D2AB2AABAC67002CFD2F /* fun.m */; };
		6FE6D2B92AABAC67002CFD2F /* thanks_opa334dev_htrowii.m in Sources */ = {isa = PBXBuildFile; fileRef = 6FE6D2AD2AABAC67002CFD2F /* thanks_opa334dev_htrowii.m */; };
		6FE6D2BA2AABAC67002CFD2F /* vnode.m in Sources */ = {isa = PBXBuildFile; fileRef = 6FE6D2AF2AABAC67002CFD2F /* vnode.m */; };
		6FE6D2BB2AABAC67002CFD2F /* grant_full_disk_access.m in Sources */ = {isa = PBXBuildFile; fileRef = 6FE6D2B02AABAC67002CFD2F /* grant_full_disk_access.m */; };
		6FE6D2BE2AABAD63002CFD2F /* MainCardController.swift in Sources */ = {isa = PBXBuildFile; fileRef = 6FE6D2BD2AABAD63002CFD2F /* MainCardController.swift */; };
		6FE6D2C02AABAD96002CFD2F /* CardView.swift in Sources */ = {isa = PBXBuildFile; fileRef = 6FE6D2BF2AABAD96002CFD2F /* CardView.swift */; };
		6FE6D2C22AABADAD002CFD2F /* ImagePickerBView.swift in Sources */ = {isa = PBXBuildFile; fileRef = 6FE6D2C12AABADAD002CFD2F /* ImagePickerBView.swift */; };
		6FE6D2C42AABADF7002CFD2F /* MainCardView.swift in Sources */ = {isa = PBXBuildFile; fileRef = 6FE6D2C32AABADF7002CFD2F /* MainCardView.swift */; };
		6FE6D2C72AABAE4F002CFD2F /* ACarousel in Frameworks */ = {isa = PBXBuildFile; productRef = 6FE6D2C62AABAE4F002CFD2F /* ACarousel */; };
		6FE6D2C92AABBE87002CFD2F /* ADD_YOUR_OWN.txt in Resources */ = {isa = PBXBuildFile; fileRef = 6FE6D2C82AABBE87002CFD2F /* ADD_YOUR_OWN.txt */; };
/* End PBXBuildFile section */

/* Begin PBXFileReference section */
		6F5DFD172A796A6900081DBD /* Chicken Butt.app */ = {isa = PBXFileReference; explicitFileType = wrapper.application; includeInIndex = 0; path = "Chicken Butt.app"; sourceTree = BUILT_PRODUCTS_DIR; };
		6F5DFD1A2A796A6900081DBD /* Chicken_ButtApp.swift */ = {isa = PBXFileReference; lastKnownFileType = sourcecode.swift; path = Chicken_ButtApp.swift; sourceTree = "<group>"; };
		6F5DFD1C2A796A6900081DBD /* ContentView.swift */ = {isa = PBXFileReference; lastKnownFileType = sourcecode.swift; path = ContentView.swift; sourceTree = "<group>"; };
		6F5DFD1E2A796A6A00081DBD /* Assets.xcassets */ = {isa = PBXFileReference; lastKnownFileType = folder.assetcatalog; path = Assets.xcassets; sourceTree = "<group>"; };
		6F5DFD212A796A6A00081DBD /* Preview Assets.xcassets */ = {isa = PBXFileReference; lastKnownFileType = folder.assetcatalog; path = "Preview Assets.xcassets"; sourceTree = "<group>"; };
		6F5DFD2D2A796CBD00081DBD /* libkfd.h */ = {isa = PBXFileReference; fileEncoding = 4; lastKnownFileType = sourcecode.c.h; path = libkfd.h; sourceTree = "<group>"; };
		6F5DFD2E2A796D1900081DBD /* Chicken Butt-Bridging-Header.h */ = {isa = PBXFileReference; lastKnownFileType = sourcecode.c.h; path = "Chicken Butt-Bridging-Header.h"; sourceTree = "<group>"; };
		6F5DFD362A796F1600081DBD /* OverrideImplementation.swift */ = {isa = PBXFileReference; lastKnownFileType = sourcecode.swift; path = OverrideImplementation.swift; sourceTree = "<group>"; };
		6F5DFD552A79704700081DBD /* krkw.h */ = {isa = PBXFileReference; fileEncoding = 4; lastKnownFileType = sourcecode.c.h; path = krkw.h; sourceTree = "<group>"; };
		6F5DFD582A79704700081DBD /* kread_sem_open.h */ = {isa = PBXFileReference; fileEncoding = 4; lastKnownFileType = sourcecode.c.h; path = kread_sem_open.h; sourceTree = "<group>"; };
		6F5DFD592A79704700081DBD /* kread_kqueue_workloop_ctl.h */ = {isa = PBXFileReference; fileEncoding = 4; lastKnownFileType = sourcecode.c.h; path = kread_kqueue_workloop_ctl.h; sourceTree = "<group>"; };
		6F5DFD5B2A79704700081DBD /* kwrite_sem_open.h */ = {isa = PBXFileReference; fileEncoding = 4; lastKnownFileType = sourcecode.c.h; path = kwrite_sem_open.h; sourceTree = "<group>"; };
		6F5DFD5C2A79704700081DBD /* kwrite_dup.h */ = {isa = PBXFileReference; fileEncoding = 4; lastKnownFileType = sourcecode.c.h; path = kwrite_dup.h; sourceTree = "<group>"; };
		6F5DFD5E2A79704700081DBD /* static_info.h */ = {isa = PBXFileReference; fileEncoding = 4; lastKnownFileType = sourcecode.c.h; path = static_info.h; sourceTree = "<group>"; };
		6F5DFD5F2A79704700081DBD /* OLD_dynamic_info.h */ = {isa = PBXFileReference; fileEncoding = 4; lastKnownFileType = sourcecode.c.h; path = OLD_dynamic_info.h; sourceTree = "<group>"; };
		6F5DFD602A79704700081DBD /* puaf.h */ = {isa = PBXFileReference; fileEncoding = 4; lastKnownFileType = sourcecode.c.h; path = puaf.h; sourceTree = "<group>"; };
		6F5DFD612A79704700081DBD /* common.h */ = {isa = PBXFileReference; fileEncoding = 4; lastKnownFileType = sourcecode.c.h; path = common.h; sourceTree = "<group>"; };
		6F5DFD632A79704700081DBD /* smith.h */ = {isa = PBXFileReference; fileEncoding = 4; lastKnownFileType = sourcecode.c.h; path = smith.h; sourceTree = "<group>"; };
		6F5DFD642A79704700081DBD /* physpuppet.h */ = {isa = PBXFileReference; fileEncoding = 4; lastKnownFileType = sourcecode.c.h; path = physpuppet.h; sourceTree = "<group>"; };
		6F5DFD652A79704700081DBD /* perf.h */ = {isa = PBXFileReference; fileEncoding = 4; lastKnownFileType = sourcecode.c.h; path = perf.h; sourceTree = "<group>"; };
		6F5DFD662A79704700081DBD /* info.h */ = {isa = PBXFileReference; fileEncoding = 4; lastKnownFileType = sourcecode.c.h; path = info.h; sourceTree = "<group>"; };
		6F5DFD672A7974A100081DBD /* corrupted */ = {isa = PBXFileReference; fileEncoding = 4; lastKnownFileType = text; path = corrupted; sourceTree = "<group>"; };
		6F5DFD6F2A7B13C600081DBD /* RootView.swift */ = {isa = PBXFileReference; lastKnownFileType = sourcecode.swift; path = RootView.swift; sourceTree = "<group>"; };
		6F5DFD722A7B14AA00081DBD /* HomeView.swift */ = {isa = PBXFileReference; lastKnownFileType = sourcecode.swift; path = HomeView.swift; sourceTree = "<group>"; };
		6F5DFD752A7B164C00081DBD /* TintedButton.swift */ = {isa = PBXFileReference; lastKnownFileType = sourcecode.swift; path = TintedButton.swift; sourceTree = "<group>"; };
		6F5DFD772A7B166F00081DBD /* MaterialView.swift */ = {isa = PBXFileReference; lastKnownFileType = sourcecode.swift; path = MaterialView.swift; sourceTree = "<group>"; };
		6F5DFD792A7B16BF00081DBD /* Alert++.swift */ = {isa = PBXFileReference; lastKnownFileType = sourcecode.swift; path = "Alert++.swift"; sourceTree = "<group>"; };
		6F5DFD7B2A7B16E200081DBD /* Extensions.swift */ = {isa = PBXFileReference; lastKnownFileType = sourcecode.swift; path = Extensions.swift; sourceTree = "<group>"; };
		6F5DFD7D2A7B1D8700081DBD /* ToolsView.swift */ = {isa = PBXFileReference; lastKnownFileType = sourcecode.swift; path = ToolsView.swift; sourceTree = "<group>"; };
		6F5DFD7F2A7B1E7000081DBD /* SpringBoardView.swift */ = {isa = PBXFileReference; lastKnownFileType = sourcecode.swift; path = SpringBoardView.swift; sourceTree = "<group>"; };
		6F5DFD812A7B28BA00081DBD /* LockView.swift */ = {isa = PBXFileReference; lastKnownFileType = sourcecode.swift; path = LockView.swift; sourceTree = "<group>"; };
		6F5DFD842A7B28ED00081DBD /* LockManager.swift */ = {isa = PBXFileReference; lastKnownFileType = sourcecode.swift; path = LockManager.swift; sourceTree = "<group>"; };
		6F5DFD862A7B439300081DBD /* FilePickerViewControllerDelegate.swift */ = {isa = PBXFileReference; lastKnownFileType = sourcecode.swift; path = FilePickerViewControllerDelegate.swift; sourceTree = "<group>"; };
		6F5DFD882A7B43C900081DBD /* CornerRadius++.swift */ = {isa = PBXFileReference; lastKnownFileType = sourcecode.swift; path = "CornerRadius++.swift"; sourceTree = "<group>"; };
		6FA6ED522AB8896B00E935B6 /* SettingsView.swift */ = {isa = PBXFileReference; fileEncoding = 4; lastKnownFileType = sourcecode.swift; path = SettingsView.swift; sourceTree = "<group>"; };
		6FA6ED542AB8896B00E935B6 /* StatusSetter16_1.m */ = {isa = PBXFileReference; fileEncoding = 4; lastKnownFileType = sourcecode.c.objc; path = StatusSetter16_1.m; sourceTree = "<group>"; };
		6FA6ED572AB8896B00E935B6 /* StatusSetter16.h */ = {isa = PBXFileReference; fileEncoding = 4; lastKnownFileType = sourcecode.c.h; path = StatusSetter16.h; sourceTree = "<group>"; };
		6FA6ED582AB8896B00E935B6 /* StatusSetter.h */ = {isa = PBXFileReference; fileEncoding = 4; lastKnownFileType = sourcecode.c.h; path = StatusSetter.h; sourceTree = "<group>"; };
		6FA6ED592AB8896B00E935B6 /* StatusSetter16.m */ = {isa = PBXFileReference; fileEncoding = 4; lastKnownFileType = sourcecode.c.objc; path = StatusSetter16.m; sourceTree = "<group>"; };
		6FA6ED5A2AB8896B00E935B6 /* StatusManager.m */ = {isa = PBXFileReference; fileEncoding = 4; lastKnownFileType = sourcecode.c.objc; path = StatusManager.m; sourceTree = "<group>"; };
		6FA6ED5C2AB8896B00E935B6 /* StatusSetter16_1.h */ = {isa = PBXFileReference; fileEncoding = 4; lastKnownFileType = sourcecode.c.h; path = StatusSetter16_1.h; sourceTree = "<group>"; };
		6FA6ED5D2AB8896B00E935B6 /* StatusManager.h */ = {isa = PBXFileReference; fileEncoding = 4; lastKnownFileType = sourcecode.c.h; path = StatusManager.h; sourceTree = "<group>"; };
		6FA6ED6D2AB88A4000E935B6 /* StatusSetter16_3.m */ = {isa = PBXFileReference; lastKnownFileType = sourcecode.c.objc; path = StatusSetter16_3.m; sourceTree = "<group>"; };
		6FA6ED6F2AB88A5700E935B6 /* StatusSetter16_3.h */ = {isa = PBXFileReference; lastKnownFileType = sourcecode.c.h; path = StatusSetter16_3.h; sourceTree = "<group>"; };
		6FA6ED702AB88E0100E935B6 /* StatusManagerSwift.swift */ = {isa = PBXFileReference; lastKnownFileType = sourcecode.swift; path = StatusManagerSwift.swift; sourceTree = "<group>"; };
		6FA6ED722AB88EE900E935B6 /* StatusBarView.swift */ = {isa = PBXFileReference; lastKnownFileType = sourcecode.swift; path = StatusBarView.swift; sourceTree = "<group>"; };
		6FA6ED742AB892A800E935B6 /* statusBarOverrides */ = {isa = PBXFileReference; fileEncoding = 4; lastKnownFileType = text; path = statusBarOverrides; sourceTree = "<group>"; };
		6FE6D0422A7B4474002CFD2F /* CowabungaAPI.swift */ = {isa = PBXFileReference; lastKnownFileType = sourcecode.swift; path = CowabungaAPI.swift; sourceTree = "<group>"; };
		6FE6D04A2A7B460B002CFD2F /* ThemesExploreView.swift */ = {isa = PBXFileReference; lastKnownFileType = sourcecode.swift; path = ThemesExploreView.swift; sourceTree = "<group>"; };
		6FE6D04F2A7B46BB002CFD2F /* Haptic++.swift */ = {isa = PBXFileReference; lastKnownFileType = sourcecode.swift; path = "Haptic++.swift"; sourceTree = "<group>"; };
		6FE6D0512A7B49F5002CFD2F /* URLCache+imageCache.swift */ = {isa = PBXFileReference; lastKnownFileType = sourcecode.swift; path = "URLCache+imageCache.swift"; sourceTree = "<group>"; };
		6FE6D0542A7B4A6D002CFD2F /* Color++.swift */ = {isa = PBXFileReference; lastKnownFileType = sourcecode.swift; path = "Color++.swift"; sourceTree = "<group>"; };
		6FE6D0562A7B4F0B002CFD2F /* MachineName.swift */ = {isa = PBXFileReference; lastKnownFileType = sourcecode.swift; path = MachineName.swift; sourceTree = "<group>"; };
		6FE6D0582A7B57EA002CFD2F /* SettingsCustomizerManager.swift */ = {isa = PBXFileReference; lastKnownFileType = sourcecode.swift; path = SettingsCustomizerManager.swift; sourceTree = "<group>"; };
		6FE6D05B2A7B5830002CFD2F /* UsefulFunctions.swift */ = {isa = PBXFileReference; lastKnownFileType = sourcecode.swift; path = UsefulFunctions.swift; sourceTree = "<group>"; };
		6FE6D05D2A7B58FF002CFD2F /* SettingsCustomizerView.swift */ = {isa = PBXFileReference; lastKnownFileType = sourcecode.swift; path = SettingsCustomizerView.swift; sourceTree = "<group>"; };
		6FE6D0602A7B592A002CFD2F /* ImagePickerView.swift */ = {isa = PBXFileReference; lastKnownFileType = sourcecode.swift; path = ImagePickerView.swift; sourceTree = "<group>"; };
		6FE6D0632A7B5A6B002CFD2F /* MainFontsView.swift */ = {isa = PBXFileReference; lastKnownFileType = sourcecode.swift; path = MainFontsView.swift; sourceTree = "<group>"; };
		6FE6D0652A7B5A80002CFD2F /* EditingFontsView.swift */ = {isa = PBXFileReference; lastKnownFileType = sourcecode.swift; path = EditingFontsView.swift; sourceTree = "<group>"; };
		6FE6D0672A7B5A8F002CFD2F /* ImportingFontsView.swift */ = {isa = PBXFileReference; lastKnownFileType = sourcecode.swift; path = ImportingFontsView.swift; sourceTree = "<group>"; };
		6FE6D0692A7B5AB8002CFD2F /* FontManager.swift */ = {isa = PBXFileReference; lastKnownFileType = sourcecode.swift; path = FontManager.swift; sourceTree = "<group>"; };
		6FE6D06B2A7C3FD2002CFD2F /* OtherModsManager.swift */ = {isa = PBXFileReference; lastKnownFileType = sourcecode.swift; path = OtherModsManager.swift; sourceTree = "<group>"; };
		6FE6D06D2A7C4698002CFD2F /* OtherModsView.swift */ = {isa = PBXFileReference; lastKnownFileType = sourcecode.swift; path = OtherModsView.swift; sourceTree = "<group>"; };
		6FE6D06F2A7C6B2A002CFD2F /* SpringboardColorManager.swift */ = {isa = PBXFileReference; lastKnownFileType = sourcecode.swift; path = SpringboardColorManager.swift; sourceTree = "<group>"; };
		6FE6D0712A7C7AE0002CFD2F /* ColorSwapManager.swift */ = {isa = PBXFileReference; lastKnownFileType = sourcecode.swift; path = ColorSwapManager.swift; sourceTree = "<group>"; };
		6FE6D0732A7C7B0C002CFD2F /* View++.swift */ = {isa = PBXFileReference; lastKnownFileType = sourcecode.swift; path = "View++.swift"; sourceTree = "<group>"; };
		6FE6D0772A7C7DEC002CFD2F /* replacement.materialrecipe */ = {isa = PBXFileReference; lastKnownFileType = file.bplist; path = replacement.materialrecipe; sourceTree = "<group>"; };
		6FE6D07A2A7C7DEC002CFD2F /* platters.materialrecipe */ = {isa = PBXFileReference; lastKnownFileType = file.bplist; path = platters.materialrecipe; sourceTree = "<group>"; };
		6FE6D07B2A7C7DEC002CFD2F /* plattersDark.materialrecipe */ = {isa = PBXFileReference; lastKnownFileType = file.bplist; path = plattersDark.materialrecipe; sourceTree = "<group>"; };
		6FE6D07D2A7C7DEC002CFD2F /* podBackgroundViewLight.visualstyleset */ = {isa = PBXFileReference; fileEncoding = 4; lastKnownFileType = text.xml; path = podBackgroundViewLight.visualstyleset; sourceTree = "<group>"; };
		6FE6D07E2A7C7DEC002CFD2F /* podBackgroundViewDark.visualstyleset */ = {isa = PBXFileReference; fileEncoding = 4; lastKnownFileType = text.xml; path = podBackgroundViewDark.visualstyleset; sourceTree = "<group>"; };
		6FE6D0802A7C7DEC002CFD2F /* modules.materialrecipe */ = {isa = PBXFileReference; lastKnownFileType = file.bplist; path = modules.materialrecipe; sourceTree = "<group>"; };
		6FE6D0812A7C7DEC002CFD2F /* modulesBackground.materialrecipe */ = {isa = PBXFileReference; lastKnownFileType = file.bplist; path = modulesBackground.materialrecipe; sourceTree = "<group>"; };
		6FE6D0832A7C7DEC002CFD2F /* folderLight.materialrecipe */ = {isa = PBXFileReference; lastKnownFileType = file.bplist; path = folderLight.materialrecipe; sourceTree = "<group>"; };
		6FE6D0842A7C7DEC002CFD2F /* folderDark.materialrecipe */ = {isa = PBXFileReference; lastKnownFileType = file.bplist; path = folderDark.materialrecipe; sourceTree = "<group>"; };
		6FE6D0862A7C7DEC002CFD2F /* folderExpandedBackgroundHome.materialrecipe */ = {isa = PBXFileReference; lastKnownFileType = file.bplist; path = folderExpandedBackgroundHome.materialrecipe; sourceTree = "<group>"; };
		6FE6D0872A7C7DEC002CFD2F /* homeScreenOverlay-iPad.materialrecipe */ = {isa = PBXFileReference; fileEncoding = 4; lastKnownFileType = text.xml; path = "homeScreenOverlay-iPad.materialrecipe"; sourceTree = "<group>"; };
		6FE6D0882A7C7DEC002CFD2F /* homeScreenOverlay.materialrecipe */ = {isa = PBXFileReference; fileEncoding = 4; lastKnownFileType = text.xml; path = homeScreenOverlay.materialrecipe; sourceTree = "<group>"; };
		6FE6D0892A7C7DEC002CFD2F /* homeScreenBackdrop-application.materialrecipe */ = {isa = PBXFileReference; lastKnownFileType = file.bplist; path = "homeScreenBackdrop-application.materialrecipe"; sourceTree = "<group>"; };
		6FE6D08A2A7C7DEC002CFD2F /* HomeBarAssets.car */ = {isa = PBXFileReference; lastKnownFileType = file; path = HomeBarAssets.car; sourceTree = "<group>"; };
		6FE6D08C2A7C7DEC002CFD2F /* platterVibrantShadowLight.visualstyleset */ = {isa = PBXFileReference; lastKnownFileType = file.bplist; path = platterVibrantShadowLight.visualstyleset; sourceTree = "<group>"; };
		6FE6D08D2A7C7DEC002CFD2F /* platterVibrantShadowDark.visualstyleset */ = {isa = PBXFileReference; lastKnownFileType = file.bplist; path = platterVibrantShadowDark.visualstyleset; sourceTree = "<group>"; };
		6FE6D08F2A7C7DEC002CFD2F /* dockDark.materialrecipe */ = {isa = PBXFileReference; lastKnownFileType = file.bplist; path = dockDark.materialrecipe; sourceTree = "<group>"; };
		6FE6D0902A7C7DEC002CFD2F /* dockLight.materialrecipe */ = {isa = PBXFileReference; lastKnownFileType = file.bplist; path = dockLight.materialrecipe; sourceTree = "<group>"; };
		6FE6D0DA2A7FDBE3002CFD2F /* PasscodeEditorView.swift */ = {isa = PBXFileReference; lastKnownFileType = sourcecode.swift; path = PasscodeEditorView.swift; sourceTree = "<group>"; };
		6FE6D0DC2A7FDBF5002CFD2F /* SavedPasscodesView.swift */ = {isa = PBXFileReference; lastKnownFileType = sourcecode.swift; path = SavedPasscodesView.swift; sourceTree = "<group>"; };
		6FE6D0DE2A7FDC14002CFD2F /* PasscodeKeyFaceManager.swift */ = {isa = PBXFileReference; lastKnownFileType = sourcecode.swift; path = PasscodeKeyFaceManager.swift; sourceTree = "<group>"; };
		6FE6D29C2AABAC67002CFD2F /* krw.c */ = {isa = PBXFileReference; fileEncoding = 4; lastKnownFileType = sourcecode.c.c; path = krw.c; sourceTree = "<group>"; };
		6FE6D29D2AABAC67002CFD2F /* helpers.h */ = {isa = PBXFileReference; fileEncoding = 4; lastKnownFileType = sourcecode.c.h; path = helpers.h; sourceTree = "<group>"; };
		6FE6D29E2AABAC67002CFD2F /* vm_unaligned_copy_switch_race.c */ = {isa = PBXFileReference; fileEncoding = 4; lastKnownFileType = sourcecode.c.c; path = vm_unaligned_copy_switch_race.c; sourceTree = "<group>"; };
		6FE6D29F2AABAC67002CFD2F /* proc.h */ = {isa = PBXFileReference; fileEncoding = 4; lastKnownFileType = sourcecode.c.h; path = proc.h; sourceTree = "<group>"; };
		6FE6D2A02AABAC67002CFD2F /* utils.m */ = {isa = PBXFileReference; fileEncoding = 4; lastKnownFileType = sourcecode.c.objc; path = utils.m; sourceTree = "<group>"; };
		6FE6D2A12AABAC67002CFD2F /* proc.c */ = {isa = PBXFileReference; fileEncoding = 4; lastKnownFileType = sourcecode.c.c; path = proc.c; sourceTree = "<group>"; };
		6FE6D2A22AABAC67002CFD2F /* grant_full_disk_access.h */ = {isa = PBXFileReference; fileEncoding = 4; lastKnownFileType = sourcecode.c.h; path = grant_full_disk_access.h; sourceTree = "<group>"; };
		6FE6D2A32AABAC67002CFD2F /* krw.h */ = {isa = PBXFileReference; fileEncoding = 4; lastKnownFileType = sourcecode.c.h; path = krw.h; sourceTree = "<group>"; };
		6FE6D2A42AABAC67002CFD2F /* offsets.m */ = {isa = PBXFileReference; fileEncoding = 4; lastKnownFileType = sourcecode.c.objc; path = offsets.m; sourceTree = "<group>"; };
		6FE6D2A52AABAC67002CFD2F /* vnode.h */ = {isa = PBXFileReference; fileEncoding = 4; lastKnownFileType = sourcecode.c.h; path = vnode.h; sourceTree = "<group>"; };
		6FE6D2A62AABAC67002CFD2F /* vnode.c */ = {isa = PBXFileReference; fileEncoding = 4; lastKnownFileType = sourcecode.c.c; path = vnode.c; sourceTree = "<group>"; };
		6FE6D2A72AABAC67002CFD2F /* helpers.m */ = {isa = PBXFileReference; fileEncoding = 4; lastKnownFileType = sourcecode.c.objc; path = helpers.m; sourceTree = "<group>"; };
		6FE6D2A82AABAC67002CFD2F /* offsets.h */ = {isa = PBXFileReference; fileEncoding = 4; lastKnownFileType = sourcecode.c.h; path = offsets.h; sourceTree = "<group>"; };
		6FE6D2A92AABAC67002CFD2F /* thanks_opa334dev_htrowii.h */ = {isa = PBXFileReference; fileEncoding = 4; lastKnownFileType = sourcecode.c.h; path = thanks_opa334dev_htrowii.h; sourceTree = "<group>"; };
		6FE6D2AA2AABAC67002CFD2F /* fun.h */ = {isa = PBXFileReference; fileEncoding = 4; lastKnownFileType = sourcecode.c.h; path = fun.h; sourceTree = "<group>"; };
		6FE6D2AB2AABAC67002CFD2F /* fun.m */ = {isa = PBXFileReference; fileEncoding = 4; lastKnownFileType = sourcecode.c.objc; path = fun.m; sourceTree = "<group>"; };
		6FE6D2AC2AABAC67002CFD2F /* utils.h */ = {isa = PBXFileReference; fileEncoding = 4; lastKnownFileType = sourcecode.c.h; path = utils.h; sourceTree = "<group>"; };
		6FE6D2AD2AABAC67002CFD2F /* thanks_opa334dev_htrowii.m */ = {isa = PBXFileReference; fileEncoding = 4; lastKnownFileType = sourcecode.c.objc; path = thanks_opa334dev_htrowii.m; sourceTree = "<group>"; };
		6FE6D2AE2AABAC67002CFD2F /* vm_unaligned_copy_switch_race.h */ = {isa = PBXFileReference; fileEncoding = 4; lastKnownFileType = sourcecode.c.h; path = vm_unaligned_copy_switch_race.h; sourceTree = "<group>"; };
		6FE6D2AF2AABAC67002CFD2F /* vnode.m */ = {isa = PBXFileReference; fileEncoding = 4; lastKnownFileType = sourcecode.c.objc; path = vnode.m; sourceTree = "<group>"; };
		6FE6D2B02AABAC67002CFD2F /* grant_full_disk_access.m */ = {isa = PBXFileReference; fileEncoding = 4; lastKnownFileType = sourcecode.c.objc; path = grant_full_disk_access.m; sourceTree = "<group>"; };
		6FE6D2BD2AABAD63002CFD2F /* MainCardController.swift */ = {isa = PBXFileReference; lastKnownFileType = sourcecode.swift; path = MainCardController.swift; sourceTree = "<group>"; };
		6FE6D2BF2AABAD96002CFD2F /* CardView.swift */ = {isa = PBXFileReference; lastKnownFileType = sourcecode.swift; path = CardView.swift; sourceTree = "<group>"; };
		6FE6D2C12AABADAD002CFD2F /* ImagePickerBView.swift */ = {isa = PBXFileReference; lastKnownFileType = sourcecode.swift; path = ImagePickerBView.swift; sourceTree = "<group>"; };
		6FE6D2C32AABADF7002CFD2F /* MainCardView.swift */ = {isa = PBXFileReference; lastKnownFileType = sourcecode.swift; path = MainCardView.swift; sourceTree = "<group>"; };
		6FE6D2C82AABBE87002CFD2F /* ADD_YOUR_OWN.txt */ = {isa = PBXFileReference; fileEncoding = 4; lastKnownFileType = text; path = ADD_YOUR_OWN.txt; sourceTree = "<group>"; };
		6FE6D2CA2AABBECF002CFD2F /* dynamic_info.h */ = {isa = PBXFileReference; lastKnownFileType = sourcecode.c.h; path = dynamic_info.h; sourceTree = "<group>"; };
/* End PBXFileReference section */

/* Begin PBXFrameworksBuildPhase section */
		6F5DFD142A796A6900081DBD /* Frameworks */ = {
			isa = PBXFrameworksBuildPhase;
			buildActionMask = 2147483647;
			files = (
				6FE6D0492A7B4521002CFD2F /* ZIPFoundation in Frameworks */,
				6FE6D2C72AABAE4F002CFD2F /* ACarousel in Frameworks */,
				6FE6D04E2A7B4666002CFD2F /* CachedAsyncImage in Frameworks */,
			);
			runOnlyForDeploymentPostprocessing = 0;
		};
/* End PBXFrameworksBuildPhase section */

/* Begin PBXGroup section */
		6F5DFD0E2A796A6900081DBD = {
			isa = PBXGroup;
			children = (
				6F5DFD192A796A6900081DBD /* Chicken Butt */,
				6F5DFD182A796A6900081DBD /* Products */,
			);
			sourceTree = "<group>";
		};
		6F5DFD182A796A6900081DBD /* Products */ = {
			isa = PBXGroup;
			children = (
				6F5DFD172A796A6900081DBD /* Chicken Butt.app */,
			);
			name = Products;
			sourceTree = "<group>";
		};
		6F5DFD192A796A6900081DBD /* Chicken Butt */ = {
			isa = PBXGroup;
			children = (
				6FE6D0412A7B446A002CFD2F /* API */,
				6F5DFD832A7B28DF00081DBD /* Controllers */,
				6F5DFD742A7B164100081DBD /* Extensions */,
				6F5DFD6D2A7B130200081DBD /* Views */,
				6F5DFD352A796F0400081DBD /* CoreControllers */,
				6F5DFD2E2A796D1900081DBD /* Chicken Butt-Bridging-Header.h */,
				6F5DFD282A796C9800081DBD /* Exploit */,
				6F5DFD1A2A796A6900081DBD /* Chicken_ButtApp.swift */,
				6F5DFD1C2A796A6900081DBD /* ContentView.swift */,
				6F5DFD1E2A796A6A00081DBD /* Assets.xcassets */,
				6F5DFD672A7974A100081DBD /* corrupted */,
				6FE6D0752A7C7DEC002CFD2F /* OverwriteFiles */,
				6F5DFD202A796A6A00081DBD /* Preview Content */,
			);
			path = "Chicken Butt";
			sourceTree = "<group>";
		};
		6F5DFD202A796A6A00081DBD /* Preview Content */ = {
			isa = PBXGroup;
			children = (
				6F5DFD212A796A6A00081DBD /* Preview Assets.xcassets */,
			);
			path = "Preview Content";
			sourceTree = "<group>";
		};
		6F5DFD282A796C9800081DBD /* Exploit */ = {
			isa = PBXGroup;
			children = (
				6F5DFD542A79704700081DBD /* libkfd */,
				6F5DFD382A79704100081DBD /* fun */,
				6F5DFD2D2A796CBD00081DBD /* libkfd.h */,
			);
			path = Exploit;
			sourceTree = "<group>";
		};
		6F5DFD352A796F0400081DBD /* CoreControllers */ = {
			isa = PBXGroup;
			children = (
				6F5DFD362A796F1600081DBD /* OverrideImplementation.swift */,
			);
			path = CoreControllers;
			sourceTree = "<group>";
		};
		6F5DFD382A79704100081DBD /* fun */ = {
			isa = PBXGroup;
			children = (
				6FE6D2AA2AABAC67002CFD2F /* fun.h */,
				6FE6D2AB2AABAC67002CFD2F /* fun.m */,
				6FE6D2A22AABAC67002CFD2F /* grant_full_disk_access.h */,
				6FE6D2B02AABAC67002CFD2F /* grant_full_disk_access.m */,
				6FE6D29D2AABAC67002CFD2F /* helpers.h */,
				6FE6D2A72AABAC67002CFD2F /* helpers.m */,
				6FE6D29C2AABAC67002CFD2F /* krw.c */,
				6FE6D2A32AABAC67002CFD2F /* krw.h */,
				6FE6D2A82AABAC67002CFD2F /* offsets.h */,
				6FE6D2A42AABAC67002CFD2F /* offsets.m */,
				6FE6D2A12AABAC67002CFD2F /* proc.c */,
				6FE6D29F2AABAC67002CFD2F /* proc.h */,
				6FE6D2A92AABAC67002CFD2F /* thanks_opa334dev_htrowii.h */,
				6FE6D2AD2AABAC67002CFD2F /* thanks_opa334dev_htrowii.m */,
				6FE6D2AC2AABAC67002CFD2F /* utils.h */,
				6FE6D2A02AABAC67002CFD2F /* utils.m */,
				6FE6D29E2AABAC67002CFD2F /* vm_unaligned_copy_switch_race.c */,
				6FE6D2AE2AABAC67002CFD2F /* vm_unaligned_copy_switch_race.h */,
				6FE6D2A62AABAC67002CFD2F /* vnode.c */,
				6FE6D2A52AABAC67002CFD2F /* vnode.h */,
				6FE6D2AF2AABAC67002CFD2F /* vnode.m */,
			);
			path = fun;
			sourceTree = "<group>";
		};
		6F5DFD542A79704700081DBD /* libkfd */ = {
			isa = PBXGroup;
			children = (
				6F5DFD552A79704700081DBD /* krkw.h */,
				6F5DFD562A79704700081DBD /* krkw */,
				6F5DFD5D2A79704700081DBD /* info */,
				6F5DFD602A79704700081DBD /* puaf.h */,
				6F5DFD612A79704700081DBD /* common.h */,
				6F5DFD622A79704700081DBD /* puaf */,
				6F5DFD652A79704700081DBD /* perf.h */,
				6F5DFD662A79704700081DBD /* info.h */,
			);
			path = libkfd;
			sourceTree = "<group>";
		};
		6F5DFD562A79704700081DBD /* krkw */ = {
			isa = PBXGroup;
			children = (
				6F5DFD572A79704700081DBD /* kread */,
				6F5DFD5A2A79704700081DBD /* kwrite */,
			);
			path = krkw;
			sourceTree = "<group>";
		};
		6F5DFD572A79704700081DBD /* kread */ = {
			isa = PBXGroup;
			children = (
				6F5DFD582A79704700081DBD /* kread_sem_open.h */,
				6F5DFD592A79704700081DBD /* kread_kqueue_workloop_ctl.h */,
			);
			path = kread;
			sourceTree = "<group>";
		};
		6F5DFD5A2A79704700081DBD /* kwrite */ = {
			isa = PBXGroup;
			children = (
				6F5DFD5B2A79704700081DBD /* kwrite_sem_open.h */,
				6F5DFD5C2A79704700081DBD /* kwrite_dup.h */,
			);
			path = kwrite;
			sourceTree = "<group>";
		};
		6F5DFD5D2A79704700081DBD /* info */ = {
			isa = PBXGroup;
			children = (
				6F5DFD5E2A79704700081DBD /* static_info.h */,
				6FE6D2C82AABBE87002CFD2F /* ADD_YOUR_OWN.txt */,
				6F5DFD5F2A79704700081DBD /* OLD_dynamic_info.h */,
				6FE6D2CA2AABBECF002CFD2F /* dynamic_info.h */,
			);
			path = info;
			sourceTree = "<group>";
		};
		6F5DFD622A79704700081DBD /* puaf */ = {
			isa = PBXGroup;
			children = (
				6F5DFD632A79704700081DBD /* smith.h */,
				6F5DFD642A79704700081DBD /* physpuppet.h */,
			);
			path = puaf;
			sourceTree = "<group>";
		};
		6F5DFD6D2A7B130200081DBD /* Views */ = {
			isa = PBXGroup;
			children = (
				6F5DFD6F2A7B13C600081DBD /* RootView.swift */,
				6F5DFD712A7B149A00081DBD /* NavigatorViews */,
				6F5DFD6E2A7B135800081DBD /* Tools */,
				6FE6D05F2A7B591E002CFD2F /* Misc */,
			);
			path = Views;
			sourceTree = "<group>";
		};
		6F5DFD6E2A7B135800081DBD /* Tools */ = {
			isa = PBXGroup;
			children = (
				6FE6D2BC2AABAD4A002CFD2F /* Cardinal */,
				6FE6D0D72A7FDBC7002CFD2F /* PasscodeChangerViews */,
				6FE6D0622A7B5A5B002CFD2F /* Fontws */,
				6F5DFD7F2A7B1E7000081DBD /* SpringBoardView.swift */,
				6F5DFD812A7B28BA00081DBD /* LockView.swift */,
				6FE6D05D2A7B58FF002CFD2F /* SettingsCustomizerView.swift */,
				6FE6D06D2A7C4698002CFD2F /* OtherModsView.swift */,
			);
			path = Tools;
			sourceTree = "<group>";
		};
		6F5DFD712A7B149A00081DBD /* NavigatorViews */ = {
			isa = PBXGroup;
			children = (
				6F5DFD722A7B14AA00081DBD /* HomeView.swift */,
				6F5DFD7D2A7B1D8700081DBD /* ToolsView.swift */,
				6FE6D04A2A7B460B002CFD2F /* ThemesExploreView.swift */,
			);
			path = NavigatorViews;
			sourceTree = "<group>";
		};
		6F5DFD742A7B164100081DBD /* Extensions */ = {
			isa = PBXGroup;
			children = (
				6FE6D0532A7B4A66002CFD2F /* UI */,
				6F5DFD7B2A7B16E200081DBD /* Extensions.swift */,
				6F5DFD862A7B439300081DBD /* FilePickerViewControllerDelegate.swift */,
				6FE6D04F2A7B46BB002CFD2F /* Haptic++.swift */,
				6FE6D0512A7B49F5002CFD2F /* URLCache+imageCache.swift */,
				6FE6D0562A7B4F0B002CFD2F /* MachineName.swift */,
			);
			path = Extensions;
			sourceTree = "<group>";
		};
		6F5DFD832A7B28DF00081DBD /* Controllers */ = {
			isa = PBXGroup;
			children = (
				6FA6ED512AB8895100E935B6 /* StatusManager */,
				6FE6D05A2A7B5823002CFD2F /* Tools */,
				6FE6D05B2A7B5830002CFD2F /* UsefulFunctions.swift */,
			);
			path = Controllers;
			sourceTree = "<group>";
		};
		6FA6ED512AB8895100E935B6 /* StatusManager */ = {
			isa = PBXGroup;
			children = (
				6FA6ED652AB889C900E935B6 /* MainFunctions */,
				6FA6ED642AB8898C00E935B6 /* iOS_16 */,
				6FA6ED662AB889D500E935B6 /* iOS_16_1 */,
				6FA6ED672AB889DE00E935B6 /* iOS_16_3 */,
				6FA6ED522AB8896B00E935B6 /* SettingsView.swift */,
				6FA6ED702AB88E0100E935B6 /* StatusManagerSwift.swift */,
			);
			path = StatusManager;
			sourceTree = "<group>";
		};
		6FA6ED642AB8898C00E935B6 /* iOS_16 */ = {
			isa = PBXGroup;
			children = (
				6FA6ED572AB8896B00E935B6 /* StatusSetter16.h */,
				6FA6ED592AB8896B00E935B6 /* StatusSetter16.m */,
			);
			path = iOS_16;
			sourceTree = "<group>";
		};
		6FA6ED652AB889C900E935B6 /* MainFunctions */ = {
			isa = PBXGroup;
			children = (
				6FA6ED5D2AB8896B00E935B6 /* StatusManager.h */,
				6FA6ED5A2AB8896B00E935B6 /* StatusManager.m */,
				6FA6ED582AB8896B00E935B6 /* StatusSetter.h */,
			);
			path = MainFunctions;
			sourceTree = "<group>";
		};
		6FA6ED662AB889D500E935B6 /* iOS_16_1 */ = {
			isa = PBXGroup;
			children = (
				6FA6ED5C2AB8896B00E935B6 /* StatusSetter16_1.h */,
				6FA6ED542AB8896B00E935B6 /* StatusSetter16_1.m */,
			);
			path = iOS_16_1;
			sourceTree = "<group>";
		};
		6FA6ED672AB889DE00E935B6 /* iOS_16_3 */ = {
			isa = PBXGroup;
			children = (
				6FA6ED6F2AB88A5700E935B6 /* StatusSetter16_3.h */,
				6FA6ED6D2AB88A4000E935B6 /* StatusSetter16_3.m */,
			);
			path = iOS_16_3;
			sourceTree = "<group>";
		};
		6FE6D0412A7B446A002CFD2F /* API */ = {
			isa = PBXGroup;
			children = (
				6FE6D0422A7B4474002CFD2F /* CowabungaAPI.swift */,
			);
			path = API;
			sourceTree = "<group>";
		};
		6FE6D0532A7B4A66002CFD2F /* UI */ = {
			isa = PBXGroup;
			children = (
				6F5DFD792A7B16BF00081DBD /* Alert++.swift */,
				6FE6D0542A7B4A6D002CFD2F /* Color++.swift */,
				6F5DFD882A7B43C900081DBD /* CornerRadius++.swift */,
				6F5DFD772A7B166F00081DBD /* MaterialView.swift */,
				6F5DFD752A7B164C00081DBD /* TintedButton.swift */,
				6FE6D0732A7C7B0C002CFD2F /* View++.swift */,
			);
			path = UI;
			sourceTree = "<group>";
		};
		6FE6D05A2A7B5823002CFD2F /* Tools */ = {
			isa = PBXGroup;
			children = (
				6F5DFD842A7B28ED00081DBD /* LockManager.swift */,
				6FE6D0582A7B57EA002CFD2F /* SettingsCustomizerManager.swift */,
				6FE6D0692A7B5AB8002CFD2F /* FontManager.swift */,
				6FE6D06B2A7C3FD2002CFD2F /* OtherModsManager.swift */,
				6FE6D06F2A7C6B2A002CFD2F /* SpringboardColorManager.swift */,
				6FE6D0712A7C7AE0002CFD2F /* ColorSwapManager.swift */,
				6FE6D0DE2A7FDC14002CFD2F /* PasscodeKeyFaceManager.swift */,
				6FE6D2BD2AABAD63002CFD2F /* MainCardController.swift */,
				6FA6ED722AB88EE900E935B6 /* StatusBarView.swift */,
			);
			path = Tools;
			sourceTree = "<group>";
		};
		6FE6D05F2A7B591E002CFD2F /* Misc */ = {
			isa = PBXGroup;
			children = (
				6FE6D0602A7B592A002CFD2F /* ImagePickerView.swift */,
				6FE6D2C12AABADAD002CFD2F /* ImagePickerBView.swift */,
			);
			path = Misc;
			sourceTree = "<group>";
		};
		6FE6D0622A7B5A5B002CFD2F /* Fontws */ = {
			isa = PBXGroup;
			children = (
				6FE6D0632A7B5A6B002CFD2F /* MainFontsView.swift */,
				6FE6D0652A7B5A80002CFD2F /* EditingFontsView.swift */,
				6FE6D0672A7B5A8F002CFD2F /* ImportingFontsView.swift */,
			);
			path = Fontws;
			sourceTree = "<group>";
		};
		6FE6D0752A7C7DEC002CFD2F /* OverwriteFiles */ = {
			isa = PBXGroup;
			children = (
				6FE6D0762A7C7DEC002CFD2F /* SpringboardFiles */,
			);
			path = OverwriteFiles;
			sourceTree = "<group>";
		};
		6FE6D0762A7C7DEC002CFD2F /* SpringboardFiles */ = {
			isa = PBXGroup;
			children = (
				6FA6ED742AB892A800E935B6 /* statusBarOverrides */,
				6FE6D0772A7C7DEC002CFD2F /* replacement.materialrecipe */,
				6FE6D0782A7C7DEC002CFD2F /* BackupFiles */,
			);
			path = SpringboardFiles;
			sourceTree = "<group>";
		};
		6FE6D0782A7C7DEC002CFD2F /* BackupFiles */ = {
			isa = PBXGroup;
			children = (
				6FE6D0792A7C7DEC002CFD2F /* Notif */,
				6FE6D07C2A7C7DEC002CFD2F /* LibraryFolder */,
				6FE6D07F2A7C7DEC002CFD2F /* Module */,
				6FE6D0822A7C7DEC002CFD2F /* Folder */,
				6FE6D0852A7C7DEC002CFD2F /* FolderBG */,
				6FE6D0892A7C7DEC002CFD2F /* homeScreenBackdrop-application.materialrecipe */,
				6FE6D08A2A7C7DEC002CFD2F /* HomeBarAssets.car */,
				6FE6D08B2A7C7DEC002CFD2F /* NotifShadow */,
				6FE6D08E2A7C7DEC002CFD2F /* Dock */,
			);
			path = BackupFiles;
			sourceTree = "<group>";
		};
		6FE6D0792A7C7DEC002CFD2F /* Notif */ = {
			isa = PBXGroup;
			children = (
				6FE6D07A2A7C7DEC002CFD2F /* platters.materialrecipe */,
				6FE6D07B2A7C7DEC002CFD2F /* plattersDark.materialrecipe */,
			);
			path = Notif;
			sourceTree = "<group>";
		};
		6FE6D07C2A7C7DEC002CFD2F /* LibraryFolder */ = {
			isa = PBXGroup;
			children = (
				6FE6D07D2A7C7DEC002CFD2F /* podBackgroundViewLight.visualstyleset */,
				6FE6D07E2A7C7DEC002CFD2F /* podBackgroundViewDark.visualstyleset */,
			);
			path = LibraryFolder;
			sourceTree = "<group>";
		};
		6FE6D07F2A7C7DEC002CFD2F /* Module */ = {
			isa = PBXGroup;
			children = (
				6FE6D0802A7C7DEC002CFD2F /* modules.materialrecipe */,
				6FE6D0812A7C7DEC002CFD2F /* modulesBackground.materialrecipe */,
			);
			path = Module;
			sourceTree = "<group>";
		};
		6FE6D0822A7C7DEC002CFD2F /* Folder */ = {
			isa = PBXGroup;
			children = (
				6FE6D0832A7C7DEC002CFD2F /* folderLight.materialrecipe */,
				6FE6D0842A7C7DEC002CFD2F /* folderDark.materialrecipe */,
			);
			path = Folder;
			sourceTree = "<group>";
		};
		6FE6D0852A7C7DEC002CFD2F /* FolderBG */ = {
			isa = PBXGroup;
			children = (
				6FE6D0862A7C7DEC002CFD2F /* folderExpandedBackgroundHome.materialrecipe */,
				6FE6D0872A7C7DEC002CFD2F /* homeScreenOverlay-iPad.materialrecipe */,
				6FE6D0882A7C7DEC002CFD2F /* homeScreenOverlay.materialrecipe */,
			);
			path = FolderBG;
			sourceTree = "<group>";
		};
		6FE6D08B2A7C7DEC002CFD2F /* NotifShadow */ = {
			isa = PBXGroup;
			children = (
				6FE6D08C2A7C7DEC002CFD2F /* platterVibrantShadowLight.visualstyleset */,
				6FE6D08D2A7C7DEC002CFD2F /* platterVibrantShadowDark.visualstyleset */,
			);
			path = NotifShadow;
			sourceTree = "<group>";
		};
		6FE6D08E2A7C7DEC002CFD2F /* Dock */ = {
			isa = PBXGroup;
			children = (
				6FE6D08F2A7C7DEC002CFD2F /* dockDark.materialrecipe */,
				6FE6D0902A7C7DEC002CFD2F /* dockLight.materialrecipe */,
			);
			path = Dock;
			sourceTree = "<group>";
		};
		6FE6D0D72A7FDBC7002CFD2F /* PasscodeChangerViews */ = {
			isa = PBXGroup;
			children = (
				6FE6D0DA2A7FDBE3002CFD2F /* PasscodeEditorView.swift */,
				6FE6D0DC2A7FDBF5002CFD2F /* SavedPasscodesView.swift */,
			);
			path = PasscodeChangerViews;
			sourceTree = "<group>";
		};
		6FE6D2BC2AABAD4A002CFD2F /* Cardinal */ = {
			isa = PBXGroup;
			children = (
				6FE6D2BF2AABAD96002CFD2F /* CardView.swift */,
				6FE6D2C32AABADF7002CFD2F /* MainCardView.swift */,
			);
			path = Cardinal;
			sourceTree = "<group>";
		};
/* End PBXGroup section */

/* Begin PBXNativeTarget section */
		6F5DFD162A796A6900081DBD /* Chicken Butt */ = {
			isa = PBXNativeTarget;
			buildConfigurationList = 6F5DFD252A796A6A00081DBD /* Build configuration list for PBXNativeTarget "Chicken Butt" */;
			buildPhases = (
				6F5DFD132A796A6900081DBD /* Sources */,
				6F5DFD142A796A6900081DBD /* Frameworks */,
				6F5DFD152A796A6900081DBD /* Resources */,
			);
			buildRules = (
			);
			dependencies = (
			);
			name = "Chicken Butt";
			packageProductDependencies = (
				6FE6D0482A7B4521002CFD2F /* ZIPFoundation */,
				6FE6D04D2A7B4666002CFD2F /* CachedAsyncImage */,
				6FE6D2C62AABAE4F002CFD2F /* ACarousel */,
			);
			productName = "Chicken Butt";
			productReference = 6F5DFD172A796A6900081DBD /* Chicken Butt.app */;
			productType = "com.apple.product-type.application";
		};
/* End PBXNativeTarget section */

/* Begin PBXProject section */
		6F5DFD0F2A796A6900081DBD /* Project object */ = {
			isa = PBXProject;
			attributes = {
				BuildIndependentTargetsInParallel = 1;
				LastSwiftUpdateCheck = 1430;
				LastUpgradeCheck = 1430;
				TargetAttributes = {
					6F5DFD162A796A6900081DBD = {
						CreatedOnToolsVersion = 14.3;
						LastSwiftMigration = 1430;
					};
				};
			};
			buildConfigurationList = 6F5DFD122A796A6900081DBD /* Build configuration list for PBXProject "Chicken Butt" */;
			compatibilityVersion = "Xcode 14.0";
			developmentRegion = en;
			hasScannedForEncodings = 0;
			knownRegions = (
				en,
				Base,
			);
			mainGroup = 6F5DFD0E2A796A6900081DBD;
			packageReferences = (
				6FE6D0472A7B4521002CFD2F /* XCRemoteSwiftPackageReference "ZIPFoundation" */,
				6FE6D04C2A7B4666002CFD2F /* XCRemoteSwiftPackageReference "swiftui-cached-async-image" */,
				6FE6D2C52AABAE4F002CFD2F /* XCRemoteSwiftPackageReference "ACarousel" */,
			);
			productRefGroup = 6F5DFD182A796A6900081DBD /* Products */;
			projectDirPath = "";
			projectRoot = "";
			targets = (
				6F5DFD162A796A6900081DBD /* Chicken Butt */,
			);
		};
/* End PBXProject section */

/* Begin PBXResourcesBuildPhase section */
		6F5DFD152A796A6900081DBD /* Resources */ = {
			isa = PBXResourcesBuildPhase;
			buildActionMask = 2147483647;
			files = (
				6FE6D0B42A7C7DEC002CFD2F /* folderDark.materialrecipe in Resources */,
				6FE6D0AF2A7C7DEC002CFD2F /* podBackgroundViewLight.visualstyleset in Resources */,
				6FE6D0B82A7C7DEC002CFD2F /* homeScreenBackdrop-application.materialrecipe in Resources */,
				6FE6D0BA2A7C7DEC002CFD2F /* platterVibrantShadowLight.visualstyleset in Resources */,
				6FE6D2C92AABBE87002CFD2F /* ADD_YOUR_OWN.txt in Resources */,
				6FE6D0B32A7C7DEC002CFD2F /* folderLight.materialrecipe in Resources */,
				6F5DFD682A7974A100081DBD /* corrupted in Resources */,
				6F5DFD222A796A6A00081DBD /* Preview Assets.xcassets in Resources */,
				6FE6D0BC2A7C7DEC002CFD2F /* dockDark.materialrecipe in Resources */,
				6FE6D0BB2A7C7DEC002CFD2F /* platterVibrantShadowDark.visualstyleset in Resources */,
				6FE6D0B02A7C7DEC002CFD2F /* podBackgroundViewDark.visualstyleset in Resources */,
				6FE6D0BD2A7C7DEC002CFD2F /* dockLight.materialrecipe in Resources */,
				6FE6D0B52A7C7DEC002CFD2F /* folderExpandedBackgroundHome.materialrecipe in Resources */,
				6F5DFD1F2A796A6A00081DBD /* Assets.xcassets in Resources */,
				6FE6D0B12A7C7DEC002CFD2F /* modules.materialrecipe in Resources */,
				6FE6D0B22A7C7DEC002CFD2F /* modulesBackground.materialrecipe in Resources */,
				6FE6D0AE2A7C7DEC002CFD2F /* plattersDark.materialrecipe in Resources */,
				6FE6D0AD2A7C7DEC002CFD2F /* platters.materialrecipe in Resources */,
				6FA6ED752AB892A800E935B6 /* statusBarOverrides in Resources */,
				6FE6D0B72A7C7DEC002CFD2F /* homeScreenOverlay.materialrecipe in Resources */,
				6FE6D0B62A7C7DEC002CFD2F /* homeScreenOverlay-iPad.materialrecipe in Resources */,
				6FE6D0AC2A7C7DEC002CFD2F /* replacement.materialrecipe in Resources */,
				6FE6D0B92A7C7DEC002CFD2F /* HomeBarAssets.car in Resources */,
			);
			runOnlyForDeploymentPostprocessing = 0;
		};
/* End PBXResourcesBuildPhase section */

/* Begin PBXSourcesBuildPhase section */
		6F5DFD132A796A6900081DBD /* Sources */ = {
			isa = PBXSourcesBuildPhase;
			buildActionMask = 2147483647;
			files = (
				6FE6D0742A7C7B0C002CFD2F /* View++.swift in Sources */,
				6FA6ED622AB8896B00E935B6 /* StatusManager.m in Sources */,
				6F5DFD7C2A7B16E200081DBD /* Extensions.swift in Sources */,
				6FE6D2B92AABAC67002CFD2F /* thanks_opa334dev_htrowii.m in Sources */,
				6F5DFD822A7B28BA00081DBD /* LockView.swift in Sources */,
				6F5DFD732A7B14AA00081DBD /* HomeView.swift in Sources */,
				6F5DFD852A7B28ED00081DBD /* LockManager.swift in Sources */,
				6FE6D2BE2AABAD63002CFD2F /* MainCardController.swift in Sources */,
				6FA6ED732AB88EE900E935B6 /* StatusBarView.swift in Sources */,
				6F5DFD7A2A7B16BF00081DBD /* Alert++.swift in Sources */,
				6FE6D0432A7B4474002CFD2F /* CowabungaAPI.swift in Sources */,
				6FE6D0552A7B4A6D002CFD2F /* Color++.swift in Sources */,
				6FE6D2B42AABAC67002CFD2F /* proc.c in Sources */,
				6FE6D0DF2A7FDC14002CFD2F /* PasscodeKeyFaceManager.swift in Sources */,
				6FE6D0502A7B46BB002CFD2F /* Haptic++.swift in Sources */,
				6FA6ED5F2AB8896B00E935B6 /* StatusSetter16_1.m in Sources */,
				6FE6D2B82AABAC67002CFD2F /* fun.m in Sources */,
				6FE6D05E2A7B58FF002CFD2F /* SettingsCustomizerView.swift in Sources */,
				6FE6D06A2A7B5AB8002CFD2F /* FontManager.swift in Sources */,
				6F5DFD802A7B1E7000081DBD /* SpringBoardView.swift in Sources */,
				6F5DFD372A796F1600081DBD /* OverrideImplementation.swift in Sources */,
				6FE6D06C2A7C3FD2002CFD2F /* OtherModsManager.swift in Sources */,
				6FE6D04B2A7B460B002CFD2F /* ThemesExploreView.swift in Sources */,
				6FE6D0DB2A7FDBE3002CFD2F /* PasscodeEditorView.swift in Sources */,
				6FE6D2B22AABAC67002CFD2F /* vm_unaligned_copy_switch_race.c in Sources */,
				6FE6D0612A7B592A002CFD2F /* ImagePickerView.swift in Sources */,
				6F5DFD872A7B439300081DBD /* FilePickerViewControllerDelegate.swift in Sources */,
				6FA6ED712AB88E0100E935B6 /* StatusManagerSwift.swift in Sources */,
				6FE6D0662A7B5A80002CFD2F /* EditingFontsView.swift in Sources */,
				6FA6ED5E2AB8896B00E935B6 /* SettingsView.swift in Sources */,
				6FE6D2C42AABADF7002CFD2F /* MainCardView.swift in Sources */,
				6FE6D2C22AABADAD002CFD2F /* ImagePickerBView.swift in Sources */,
				6F5DFD1D2A796A6900081DBD /* ContentView.swift in Sources */,
				6FA6ED6E2AB88A4000E935B6 /* StatusSetter16_3.m in Sources */,
				6F5DFD7E2A7B1D8700081DBD /* ToolsView.swift in Sources */,
				6FE6D0522A7B49F5002CFD2F /* URLCache+imageCache.swift in Sources */,
				6FE6D2C02AABAD96002CFD2F /* CardView.swift in Sources */,
				6F5DFD892A7B43C900081DBD /* CornerRadius++.swift in Sources */,
				6FE6D2B72AABAC67002CFD2F /* helpers.m in Sources */,
				6F5DFD782A7B166F00081DBD /* MaterialView.swift in Sources */,
				6FE6D0722A7C7AE0002CFD2F /* ColorSwapManager.swift in Sources */,
				6FE6D2B12AABAC67002CFD2F /* krw.c in Sources */,
				6FE6D0642A7B5A6B002CFD2F /* MainFontsView.swift in Sources */,
				6FE6D0572A7B4F0B002CFD2F /* MachineName.swift in Sources */,
				6FE6D0682A7B5A8F002CFD2F /* ImportingFontsView.swift in Sources */,
				6F5DFD762A7B164C00081DBD /* TintedButton.swift in Sources */,
				6FA6ED612AB8896B00E935B6 /* StatusSetter16.m in Sources */,
				6FE6D0592A7B57EA002CFD2F /* SettingsCustomizerManager.swift in Sources */,
				6F5DFD702A7B13C600081DBD /* RootView.swift in Sources */,
				6FE6D0DD2A7FDBF5002CFD2F /* SavedPasscodesView.swift in Sources */,
				6FE6D2BA2AABAC67002CFD2F /* vnode.m in Sources */,
				6FE6D2B32AABAC67002CFD2F /* utils.m in Sources */,
				6F5DFD1B2A796A6900081DBD /* Chicken_ButtApp.swift in Sources */,
				6FE6D05C2A7B5830002CFD2F /* UsefulFunctions.swift in Sources */,
				6FE6D2BB2AABAC67002CFD2F /* grant_full_disk_access.m in Sources */,
				6FE6D0702A7C6B2A002CFD2F /* SpringboardColorManager.swift in Sources */,
				6FE6D2B52AABAC67002CFD2F /* offsets.m in Sources */,
				6FE6D06E2A7C4698002CFD2F /* OtherModsView.swift in Sources */,
			);
			runOnlyForDeploymentPostprocessing = 0;
		};
/* End PBXSourcesBuildPhase section */

/* Begin XCBuildConfiguration section */
		6F5DFD232A796A6A00081DBD /* Debug */ = {
			isa = XCBuildConfiguration;
			buildSettings = {
				ALWAYS_SEARCH_USER_PATHS = NO;
				CLANG_ANALYZER_NONNULL = YES;
				CLANG_ANALYZER_NUMBER_OBJECT_CONVERSION = YES_AGGRESSIVE;
				CLANG_CXX_LANGUAGE_STANDARD = "gnu++20";
				CLANG_ENABLE_MODULES = YES;
				CLANG_ENABLE_OBJC_ARC = YES;
				CLANG_ENABLE_OBJC_WEAK = YES;
				CLANG_WARN_BLOCK_CAPTURE_AUTORELEASING = YES;
				CLANG_WARN_BOOL_CONVERSION = YES;
				CLANG_WARN_COMMA = YES;
				CLANG_WARN_CONSTANT_CONVERSION = YES;
				CLANG_WARN_DEPRECATED_OBJC_IMPLEMENTATIONS = YES;
				CLANG_WARN_DIRECT_OBJC_ISA_USAGE = YES_ERROR;
				CLANG_WARN_DOCUMENTATION_COMMENTS = YES;
				CLANG_WARN_EMPTY_BODY = YES;
				CLANG_WARN_ENUM_CONVERSION = YES;
				CLANG_WARN_INFINITE_RECURSION = YES;
				CLANG_WARN_INT_CONVERSION = YES;
				CLANG_WARN_NON_LITERAL_NULL_CONVERSION = YES;
				CLANG_WARN_OBJC_IMPLICIT_RETAIN_SELF = YES;
				CLANG_WARN_OBJC_LITERAL_CONVERSION = YES;
				CLANG_WARN_OBJC_ROOT_CLASS = YES_ERROR;
				CLANG_WARN_QUOTED_INCLUDE_IN_FRAMEWORK_HEADER = YES;
				CLANG_WARN_RANGE_LOOP_ANALYSIS = YES;
				CLANG_WARN_STRICT_PROTOTYPES = YES;
				CLANG_WARN_SUSPICIOUS_MOVE = YES;
				CLANG_WARN_UNGUARDED_AVAILABILITY = YES_AGGRESSIVE;
				CLANG_WARN_UNREACHABLE_CODE = YES;
				CLANG_WARN__DUPLICATE_METHOD_MATCH = YES;
				COPY_PHASE_STRIP = NO;
				DEBUG_INFORMATION_FORMAT = dwarf;
				ENABLE_STRICT_OBJC_MSGSEND = YES;
				ENABLE_TESTABILITY = YES;
				GCC_C_LANGUAGE_STANDARD = gnu11;
				GCC_DYNAMIC_NO_PIC = NO;
				GCC_NO_COMMON_BLOCKS = YES;
				GCC_OPTIMIZATION_LEVEL = 0;
				GCC_PREPROCESSOR_DEFINITIONS = (
					"DEBUG=1",
					"$(inherited)",
				);
				GCC_WARN_64_TO_32_BIT_CONVERSION = YES;
				GCC_WARN_ABOUT_RETURN_TYPE = YES_ERROR;
				GCC_WARN_UNDECLARED_SELECTOR = YES;
				GCC_WARN_UNINITIALIZED_AUTOS = YES_AGGRESSIVE;
				GCC_WARN_UNUSED_FUNCTION = YES;
				GCC_WARN_UNUSED_VARIABLE = YES;
				IPHONEOS_DEPLOYMENT_TARGET = 16.4;
				MTL_ENABLE_DEBUG_INFO = INCLUDE_SOURCE;
				MTL_FAST_MATH = YES;
				ONLY_ACTIVE_ARCH = YES;
				SDKROOT = iphoneos;
				SWIFT_ACTIVE_COMPILATION_CONDITIONS = DEBUG;
				SWIFT_OPTIMIZATION_LEVEL = "-Onone";
			};
			name = Debug;
		};
		6F5DFD242A796A6A00081DBD /* Release */ = {
			isa = XCBuildConfiguration;
			buildSettings = {
				ALWAYS_SEARCH_USER_PATHS = NO;
				CLANG_ANALYZER_NONNULL = YES;
				CLANG_ANALYZER_NUMBER_OBJECT_CONVERSION = YES_AGGRESSIVE;
				CLANG_CXX_LANGUAGE_STANDARD = "gnu++20";
				CLANG_ENABLE_MODULES = YES;
				CLANG_ENABLE_OBJC_ARC = YES;
				CLANG_ENABLE_OBJC_WEAK = YES;
				CLANG_WARN_BLOCK_CAPTURE_AUTORELEASING = YES;
				CLANG_WARN_BOOL_CONVERSION = YES;
				CLANG_WARN_COMMA = YES;
				CLANG_WARN_CONSTANT_CONVERSION = YES;
				CLANG_WARN_DEPRECATED_OBJC_IMPLEMENTATIONS = YES;
				CLANG_WARN_DIRECT_OBJC_ISA_USAGE = YES_ERROR;
				CLANG_WARN_DOCUMENTATION_COMMENTS = YES;
				CLANG_WARN_EMPTY_BODY = YES;
				CLANG_WARN_ENUM_CONVERSION = YES;
				CLANG_WARN_INFINITE_RECURSION = YES;
				CLANG_WARN_INT_CONVERSION = YES;
				CLANG_WARN_NON_LITERAL_NULL_CONVERSION = YES;
				CLANG_WARN_OBJC_IMPLICIT_RETAIN_SELF = YES;
				CLANG_WARN_OBJC_LITERAL_CONVERSION = YES;
				CLANG_WARN_OBJC_ROOT_CLASS = YES_ERROR;
				CLANG_WARN_QUOTED_INCLUDE_IN_FRAMEWORK_HEADER = YES;
				CLANG_WARN_RANGE_LOOP_ANALYSIS = YES;
				CLANG_WARN_STRICT_PROTOTYPES = YES;
				CLANG_WARN_SUSPICIOUS_MOVE = YES;
				CLANG_WARN_UNGUARDED_AVAILABILITY = YES_AGGRESSIVE;
				CLANG_WARN_UNREACHABLE_CODE = YES;
				CLANG_WARN__DUPLICATE_METHOD_MATCH = YES;
				COPY_PHASE_STRIP = NO;
				DEBUG_INFORMATION_FORMAT = "dwarf-with-dsym";
				ENABLE_NS_ASSERTIONS = NO;
				ENABLE_STRICT_OBJC_MSGSEND = YES;
				GCC_C_LANGUAGE_STANDARD = gnu11;
				GCC_NO_COMMON_BLOCKS = YES;
				GCC_WARN_64_TO_32_BIT_CONVERSION = YES;
				GCC_WARN_ABOUT_RETURN_TYPE = YES_ERROR;
				GCC_WARN_UNDECLARED_SELECTOR = YES;
				GCC_WARN_UNINITIALIZED_AUTOS = YES_AGGRESSIVE;
				GCC_WARN_UNUSED_FUNCTION = YES;
				GCC_WARN_UNUSED_VARIABLE = YES;
				IPHONEOS_DEPLOYMENT_TARGET = 16.4;
				MTL_ENABLE_DEBUG_INFO = NO;
				MTL_FAST_MATH = YES;
				SDKROOT = iphoneos;
				SWIFT_COMPILATION_MODE = wholemodule;
				SWIFT_OPTIMIZATION_LEVEL = "-O";
				VALIDATE_PRODUCT = YES;
			};
			name = Release;
		};
		6F5DFD262A796A6A00081DBD /* Debug */ = {
			isa = XCBuildConfiguration;
			buildSettings = {
				ASSETCATALOG_COMPILER_APPICON_NAME = AppIcon;
				ASSETCATALOG_COMPILER_GLOBAL_ACCENT_COLOR_NAME = AccentColor;
				CLANG_ENABLE_MODULES = YES;
				CODE_SIGN_STYLE = Automatic;
				CURRENT_PROJECT_VERSION = 0;
				DEVELOPMENT_ASSET_PATHS = "\"Chicken Butt/Preview Content\"";
				DEVELOPMENT_TEAM = 2P4CP47H76;
				ENABLE_PREVIEWS = YES;
				GENERATE_INFOPLIST_FILE = YES;
				INFOPLIST_KEY_CFBundleDisplayName = Cluckabunga;
				INFOPLIST_KEY_NSPhotoLibraryUsageDescription = Photos;
				INFOPLIST_KEY_UIApplicationSceneManifest_Generation = YES;
				INFOPLIST_KEY_UIApplicationSupportsIndirectInputEvents = YES;
				INFOPLIST_KEY_UILaunchScreen_Generation = YES;
				INFOPLIST_KEY_UISupportedInterfaceOrientations = UIInterfaceOrientationPortrait;
				INFOPLIST_KEY_UISupportedInterfaceOrientations_iPad = "UIInterfaceOrientationLandscapeLeft UIInterfaceOrientationLandscapeRight UIInterfaceOrientationPortrait UIInterfaceOrientationPortraitUpsideDown";
				IPHONEOS_DEPLOYMENT_TARGET = 16.0;
				LD_RUNPATH_SEARCH_PATHS = (
					"$(inherited)",
					"@executable_path/Frameworks",
				);
				MARKETING_VERSION = 2.2;
				PRODUCT_BUNDLE_IDENTIFIER = com.leminlimez.Cluckabunga;
				PRODUCT_NAME = "$(TARGET_NAME)";
				SWIFT_EMIT_LOC_STRINGS = YES;
				SWIFT_OBJC_BRIDGING_HEADER = "Chicken Butt/Chicken Butt-Bridging-Header.h";
				SWIFT_OPTIMIZATION_LEVEL = "-Onone";
				SWIFT_VERSION = 5.0;
				TARGETED_DEVICE_FAMILY = "1,2";
			};
			name = Debug;
		};
		6F5DFD272A796A6A00081DBD /* Release */ = {
			isa = XCBuildConfiguration;
			buildSettings = {
				ASSETCATALOG_COMPILER_APPICON_NAME = AppIcon;
				ASSETCATALOG_COMPILER_GLOBAL_ACCENT_COLOR_NAME = AccentColor;
				CLANG_ENABLE_MODULES = YES;
				CODE_SIGN_STYLE = Automatic;
				CURRENT_PROJECT_VERSION = 0;
				DEVELOPMENT_ASSET_PATHS = "\"Chicken Butt/Preview Content\"";
				DEVELOPMENT_TEAM = 2P4CP47H76;
				ENABLE_PREVIEWS = YES;
				GENERATE_INFOPLIST_FILE = YES;
				INFOPLIST_KEY_CFBundleDisplayName = Cluckabunga;
				INFOPLIST_KEY_NSPhotoLibraryUsageDescription = Photos;
				INFOPLIST_KEY_UIApplicationSceneManifest_Generation = YES;
				INFOPLIST_KEY_UIApplicationSupportsIndirectInputEvents = YES;
				INFOPLIST_KEY_UILaunchScreen_Generation = YES;
				INFOPLIST_KEY_UISupportedInterfaceOrientations = UIInterfaceOrientationPortrait;
				INFOPLIST_KEY_UISupportedInterfaceOrientations_iPad = "UIInterfaceOrientationLandscapeLeft UIInterfaceOrientationLandscapeRight UIInterfaceOrientationPortrait UIInterfaceOrientationPortraitUpsideDown";
				IPHONEOS_DEPLOYMENT_TARGET = 16.0;
				LD_RUNPATH_SEARCH_PATHS = (
					"$(inherited)",
					"@executable_path/Frameworks",
				);
				MARKETING_VERSION = 2.2;
				PRODUCT_BUNDLE_IDENTIFIER = com.leminlimez.Cluckabunga;
				PRODUCT_NAME = "$(TARGET_NAME)";
				SWIFT_EMIT_LOC_STRINGS = YES;
				SWIFT_OBJC_BRIDGING_HEADER = "Chicken Butt/Chicken Butt-Bridging-Header.h";
				SWIFT_VERSION = 5.0;
				TARGETED_DEVICE_FAMILY = "1,2";
			};
			name = Release;
		};
/* End XCBuildConfiguration section */

/* Begin XCConfigurationList section */
		6F5DFD122A796A6900081DBD /* Build configuration list for PBXProject "Chicken Butt" */ = {
			isa = XCConfigurationList;
			buildConfigurations = (
				6F5DFD232A796A6A00081DBD /* Debug */,
				6F5DFD242A796A6A00081DBD /* Release */,
			);
			defaultConfigurationIsVisible = 0;
			defaultConfigurationName = Release;
		};
		6F5DFD252A796A6A00081DBD /* Build configuration list for PBXNativeTarget "Chicken Butt" */ = {
			isa = XCConfigurationList;
			buildConfigurations = (
				6F5DFD262A796A6A00081DBD /* Debug */,
				6F5DFD272A796A6A00081DBD /* Release */,
			);
			defaultConfigurationIsVisible = 0;
			defaultConfigurationName = Release;
		};
/* End XCConfigurationList section */

/* Begin XCRemoteSwiftPackageReference section */
		6FE6D0472A7B4521002CFD2F /* XCRemoteSwiftPackageReference "ZIPFoundation" */ = {
			isa = XCRemoteSwiftPackageReference;
			repositoryURL = "https://github.com/weichsel/ZIPFoundation";
			requirement = {
				kind = upToNextMajorVersion;
				minimumVersion = 0.9.16;
			};
		};
		6FE6D04C2A7B4666002CFD2F /* XCRemoteSwiftPackageReference "swiftui-cached-async-image" */ = {
			isa = XCRemoteSwiftPackageReference;
			repositoryURL = "https://github.com/lorenzofiamingo/swiftui-cached-async-image";
			requirement = {
				kind = upToNextMajorVersion;
				minimumVersion = 2.0.0;
			};
		};
		6FE6D2C52AABAE4F002CFD2F /* XCRemoteSwiftPackageReference "ACarousel" */ = {
			isa = XCRemoteSwiftPackageReference;
			repositoryURL = "https://github.com/JWAutumn/ACarousel";
			requirement = {
				kind = upToNextMajorVersion;
				minimumVersion = 0.2.0;
			};
		};
/* End XCRemoteSwiftPackageReference section */

/* Begin XCSwiftPackageProductDependency section */
		6FE6D0482A7B4521002CFD2F /* ZIPFoundation */ = {
			isa = XCSwiftPackageProductDependency;
			package = 6FE6D0472A7B4521002CFD2F /* XCRemoteSwiftPackageReference "ZIPFoundation" */;
			productName = ZIPFoundation;
		};
		6FE6D04D2A7B4666002CFD2F /* CachedAsyncImage */ = {
			isa = XCSwiftPackageProductDependency;
			package = 6FE6D04C2A7B4666002CFD2F /* XCRemoteSwiftPackageReference "swiftui-cached-async-image" */;
			productName = CachedAsyncImage;
		};
		6FE6D2C62AABAE4F002CFD2F /* ACarousel */ = {
			isa = XCSwiftPackageProductDependency;
			package = 6FE6D2C52AABAE4F002CFD2F /* XCRemoteSwiftPackageReference "ACarousel" */;
			productName = ACarousel;
		};
/* End XCSwiftPackageProductDependency section */
	};
	rootObject = 6F5DFD0F2A796A6900081DBD /* Project object */;
}
